
Microsoft Visual Studio Solution File, Format Version 12.00
# Visual Studio Version 16
VisualStudioVersion = 16.0.29418.71
MinimumVisualStudioVersion = 10.0.40219.1
Project("{FAE04EC0-301F-11D3-BF4B-00C04F79EFBC}") = "Client", "Client.csproj", "{0C0921CB-84A4-4AFF-B4E8-3D0DEC5E020D}"
EndProject
Project("{FAE04EC0-301F-11D3-BF4B-00C04F79EFBC}") = "Server", "..\Server\Server.csproj", "{CC789AB5-964C-4A70-8415-E56BF094DF10}"
EndProject
Project("{FAE04EC0-301F-11D3-BF4B-00C04F79EFBC}") = "RemoteObject", "..\RemoteObject\RemoteObject.csproj", "{C88C9EA6-FFBE-4EE8-A2D2-73F70B5A2693}"
EndProject
Global
	GlobalSection(SolutionConfigurationPlatforms) = preSolution
		Debug|Any CPU = Debug|Any CPU
		Release|Any CPU = Release|Any CPU
	EndGlobalSection
	GlobalSection(ProjectConfigurationPlatforms) = postSolution
		{0C0921CB-84A4-4AFF-B4E8-3D0DEC5E020D}.Debug|Any CPU.ActiveCfg = Debug|Any CPU
		{0C0921CB-84A4-4AFF-B4E8-3D0DEC5E020D}.Debug|Any CPU.Build.0 = Debug|Any CPU
		{0C0921CB-84A4-4AFF-B4E8-3D0DEC5E020D}.Release|Any CPU.ActiveCfg = Release|Any CPU
		{0C0921CB-84A4-4AFF-B4E8-3D0DEC5E020D}.Release|Any CPU.Build.0 = Release|Any CPU
		{CC789AB5-964C-4A70-8415-E56BF094DF10}.Debug|Any CPU.ActiveCfg = Debug|Any CPU
		{CC789AB5-964C-4A70-8415-E56BF094DF10}.Debug|Any CPU.Build.0 = Debug|Any CPU
		{CC789AB5-964C-4A70-8415-E56BF094DF10}.Release|Any CPU.ActiveCfg = Release|Any CPU
		{CC789AB5-964C-4A70-8415-E56BF094DF10}.Release|Any CPU.Build.0 = Release|Any CPU
		{C88C9EA6-FFBE-4EE8-A2D2-73F70B5A2693}.Debug|Any CPU.ActiveCfg = Debug|Any CPU
		{C88C9EA6-FFBE-4EE8-A2D2-73F70B5A2693}.Debug|Any CPU.Build.0 = Debug|Any CPU
		{C88C9EA6-FFBE-4EE8-A2D2-73F70B5A2693}.Release|Any CPU.ActiveCfg = Release|Any CPU
		{C88C9EA6-FFBE-4EE8-A2D2-73F70B5A2693}.Release|Any CPU.Build.0 = Release|Any CPU
	EndGlobalSection
	GlobalSection(SolutionProperties) = preSolution
		HideSolutionNode = FALSE
	EndGlobalSection
	GlobalSection(ExtensibilityGlobals) = postSolution
		SolutionGuid = {19D82CE3-ADAA-4A69-9DA6-95D9F184CB01}
	EndGlobalSection
EndGlobal
