
Microsoft Visual Studio Solution File, Format Version 12.00
# Visual Studio Version 16
VisualStudioVersion = 16.0.29418.71
MinimumVisualStudioVersion = 10.0.40219.1
Project("{FAE04EC0-301F-11D3-BF4B-00C04F79EFBC}") = "Server", "Server.csproj", "{FE267F38-C278-4B1F-BF3B-BF42ECBD0535}"
EndProject
Project("{FAE04EC0-301F-11D3-BF4B-00C04F79EFBC}") = "Client", "..\Client\Client.csproj", "{D3917BF7-BA5B-45C1-9B86-2694F636A317}"
EndProject
Global
	GlobalSection(SolutionConfigurationPlatforms) = preSolution
		Debug|Any CPU = Debug|Any CPU
		Release|Any CPU = Release|Any CPU
	EndGlobalSection
	GlobalSection(ProjectConfigurationPlatforms) = postSolution
		{FE267F38-C278-4B1F-BF3B-BF42ECBD0535}.Debug|Any CPU.ActiveCfg = Debug|Any CPU
		{FE267F38-C278-4B1F-BF3B-BF42ECBD0535}.Debug|Any CPU.Build.0 = Debug|Any CPU
		{FE267F38-C278-4B1F-BF3B-BF42ECBD0535}.Release|Any CPU.ActiveCfg = Release|Any CPU
		{FE267F38-C278-4B1F-BF3B-BF42ECBD0535}.Release|Any CPU.Build.0 = Release|Any CPU
		{D3917BF7-BA5B-45C1-9B86-2694F636A317}.Debug|Any CPU.ActiveCfg = Debug|Any CPU
		{D3917BF7-BA5B-45C1-9B86-2694F636A317}.Debug|Any CPU.Build.0 = Debug|Any CPU
		{D3917BF7-BA5B-45C1-9B86-2694F636A317}.Release|Any CPU.ActiveCfg = Release|Any CPU
		{D3917BF7-BA5B-45C1-9B86-2694F636A317}.Release|Any CPU.Build.0 = Release|Any CPU
	EndGlobalSection
	GlobalSection(SolutionProperties) = preSolution
		HideSolutionNode = FALSE
	EndGlobalSection
	GlobalSection(ExtensibilityGlobals) = postSolution
		SolutionGuid = {E9A00536-D5B0-4F39-918C-C753AECE621A}
	EndGlobalSection
EndGlobal
