
Microsoft Visual Studio Solution File, Format Version 12.00
# Blend for Visual Studio 15
VisualStudioVersion = 15.0.28307.852
MinimumVisualStudioVersion = 10.0.40219.1
Project("{FAE04EC0-301F-11D3-BF4B-00C04F79EFBC}") = "WPFTEST", "WPFTEST\WPFTEST.csproj", "{FC3B0F00-D55C-4235-8357-5D24DBF33D41}"
EndProject
Global
	GlobalSection(SolutionConfigurationPlatforms) = preSolution
		Debug|Any CPU = Debug|Any CPU
		Release|Any CPU = Release|Any CPU
	EndGlobalSection
	GlobalSection(ProjectConfigurationPlatforms) = postSolution
		{FC3B0F00-D55C-4235-8357-5D24DBF33D41}.Debug|Any CPU.ActiveCfg = Debug|Any CPU
		{FC3B0F00-D55C-4235-8357-5D24DBF33D41}.Debug|Any CPU.Build.0 = Debug|Any CPU
		{FC3B0F00-D55C-4235-8357-5D24DBF33D41}.Release|Any CPU.ActiveCfg = Release|Any CPU
		{FC3B0F00-D55C-4235-8357-5D24DBF33D41}.Release|Any CPU.Build.0 = Release|Any CPU
	EndGlobalSection
	GlobalSection(SolutionProperties) = preSolution
		HideSolutionNode = FALSE
	EndGlobalSection
	GlobalSection(ExtensibilityGlobals) = postSolution
		SolutionGuid = {469686F6-6393-4C39-841C-EDF19B7492B8}
	EndGlobalSection
EndGlobal
