
Microsoft Visual Studio Solution File, Format Version 12.00
# Visual Studio 15
VisualStudioVersion = 15.0.28307.852
MinimumVisualStudioVersion = 10.0.40219.1
Project("{FAE04EC0-301F-11D3-BF4B-00C04F79EFBC}") = "TP ADO exo2 connecte", "TP ADO exo2 connecte\TP ADO exo2 connecte.csproj", "{FAE07A09-9A0E-4B98-AF65-73FC091453A4}"
EndProject
Global
	GlobalSection(SolutionConfigurationPlatforms) = preSolution
		Debug|Any CPU = Debug|Any CPU
		Release|Any CPU = Release|Any CPU
	EndGlobalSection
	GlobalSection(ProjectConfigurationPlatforms) = postSolution
		{FAE07A09-9A0E-4B98-AF65-73FC091453A4}.Debug|Any CPU.ActiveCfg = Debug|Any CPU
		{FAE07A09-9A0E-4B98-AF65-73FC091453A4}.Debug|Any CPU.Build.0 = Debug|Any CPU
		{FAE07A09-9A0E-4B98-AF65-73FC091453A4}.Release|Any CPU.ActiveCfg = Release|Any CPU
		{FAE07A09-9A0E-4B98-AF65-73FC091453A4}.Release|Any CPU.Build.0 = Release|Any CPU
	EndGlobalSection
	GlobalSection(SolutionProperties) = preSolution
		HideSolutionNode = FALSE
	EndGlobalSection
	GlobalSection(ExtensibilityGlobals) = postSolution
		SolutionGuid = {956B1DC6-4EBF-4070-B010-613CA54057F9}
	EndGlobalSection
EndGlobal
