
Microsoft Visual Studio Solution File, Format Version 12.00
# Visual Studio Version 16
VisualStudioVersion = 16.0.29418.71
MinimumVisualStudioVersion = 10.0.40219.1
Project("{FAE04EC0-301F-11D3-BF4B-00C04F79EFBC}") = "ex3", "ex3.csproj", "{AF0162D6-81D7-4D03-B798-C102EE55CB61}"
EndProject
Global
	GlobalSection(SolutionConfigurationPlatforms) = preSolution
		Debug|Any CPU = Debug|Any CPU
		Release|Any CPU = Release|Any CPU
	EndGlobalSection
	GlobalSection(ProjectConfigurationPlatforms) = postSolution
		{AF0162D6-81D7-4D03-B798-C102EE55CB61}.Debug|Any CPU.ActiveCfg = Debug|Any CPU
		{AF0162D6-81D7-4D03-B798-C102EE55CB61}.Debug|Any CPU.Build.0 = Debug|Any CPU
		{AF0162D6-81D7-4D03-B798-C102EE55CB61}.Release|Any CPU.ActiveCfg = Release|Any CPU
		{AF0162D6-81D7-4D03-B798-C102EE55CB61}.Release|Any CPU.Build.0 = Release|Any CPU
	EndGlobalSection
	GlobalSection(SolutionProperties) = preSolution
		HideSolutionNode = FALSE
	EndGlobalSection
	GlobalSection(ExtensibilityGlobals) = postSolution
		SolutionGuid = {C5AD5E8C-CCA5-4167-9150-86F7BAAF482B}
	EndGlobalSection
EndGlobal
