
Microsoft Visual Studio Solution File, Format Version 12.00
# Visual Studio 15
VisualStudioVersion = 15.0.28307.852
MinimumVisualStudioVersion = 10.0.40219.1
Project("{FAE04EC0-301F-11D3-BF4B-00C04F79EFBC}") = "EXO5", "EXO5\EXO5.csproj", "{D1D40BD7-B706-4995-B97B-7F018BDFBB39}"
EndProject
Global
	GlobalSection(SolutionConfigurationPlatforms) = preSolution
		Debug|Any CPU = Debug|Any CPU
		Release|Any CPU = Release|Any CPU
	EndGlobalSection
	GlobalSection(ProjectConfigurationPlatforms) = postSolution
		{D1D40BD7-B706-4995-B97B-7F018BDFBB39}.Debug|Any CPU.ActiveCfg = Debug|Any CPU
		{D1D40BD7-B706-4995-B97B-7F018BDFBB39}.Debug|Any CPU.Build.0 = Debug|Any CPU
		{D1D40BD7-B706-4995-B97B-7F018BDFBB39}.Release|Any CPU.ActiveCfg = Release|Any CPU
		{D1D40BD7-B706-4995-B97B-7F018BDFBB39}.Release|Any CPU.Build.0 = Release|Any CPU
	EndGlobalSection
	GlobalSection(SolutionProperties) = preSolution
		HideSolutionNode = FALSE
	EndGlobalSection
	GlobalSection(ExtensibilityGlobals) = postSolution
		SolutionGuid = {EDFAC81F-7330-4610-8919-CF29AB7063D0}
	EndGlobalSection
EndGlobal
