
Microsoft Visual Studio Solution File, Format Version 12.00
# Visual Studio 15
VisualStudioVersion = 15.0.28307.852
MinimumVisualStudioVersion = 10.0.40219.1
Project("{FAE04EC0-301F-11D3-BF4B-00C04F79EFBC}") = "EXO3 TP2", "EXO3 TP2\EXO3 TP2.csproj", "{D63797CB-0C4A-4751-8946-FB5EEE59EAA6}"
EndProject
Global
	GlobalSection(SolutionConfigurationPlatforms) = preSolution
		Debug|Any CPU = Debug|Any CPU
		Release|Any CPU = Release|Any CPU
	EndGlobalSection
	GlobalSection(ProjectConfigurationPlatforms) = postSolution
		{D63797CB-0C4A-4751-8946-FB5EEE59EAA6}.Debug|Any CPU.ActiveCfg = Debug|Any CPU
		{D63797CB-0C4A-4751-8946-FB5EEE59EAA6}.Debug|Any CPU.Build.0 = Debug|Any CPU
		{D63797CB-0C4A-4751-8946-FB5EEE59EAA6}.Release|Any CPU.ActiveCfg = Release|Any CPU
		{D63797CB-0C4A-4751-8946-FB5EEE59EAA6}.Release|Any CPU.Build.0 = Release|Any CPU
	EndGlobalSection
	GlobalSection(SolutionProperties) = preSolution
		HideSolutionNode = FALSE
	EndGlobalSection
	GlobalSection(ExtensibilityGlobals) = postSolution
		SolutionGuid = {61433596-B62D-4289-83DF-AE1F776DF690}
	EndGlobalSection
EndGlobal
