
Microsoft Visual Studio Solution File, Format Version 12.00
# Visual Studio Version 16
VisualStudioVersion = 16.0.29324.140
MinimumVisualStudioVersion = 10.0.40219.1
Project("{FAE04EC0-301F-11D3-BF4B-00C04F79EFBC}") = "TP3", "TP3.csproj", "{24F833F5-42F4-4FA2-AFEF-404378240DC4}"
EndProject
Project("{FAE04EC0-301F-11D3-BF4B-00C04F79EFBC}") = "Ex3", "..\Ex3\Ex3.csproj", "{30A39696-7739-4462-B224-E0CA58D1F516}"
EndProject
Project("{FAE04EC0-301F-11D3-BF4B-00C04F79EFBC}") = "Ex03", "Ex03\Ex03.csproj", "{A15C5EF7-0E42-48F0-B832-EF12A1D6D4DB}"
EndProject
Project("{FAE04EC0-301F-11D3-BF4B-00C04F79EFBC}") = "Ex4", "Ex4\Ex4.csproj", "{BD9E9EEB-FF0B-4BDE-80F9-7E42FFC169DD}"
EndProject
Global
	GlobalSection(SolutionConfigurationPlatforms) = preSolution
		Debug|Any CPU = Debug|Any CPU
		Release|Any CPU = Release|Any CPU
	EndGlobalSection
	GlobalSection(ProjectConfigurationPlatforms) = postSolution
		{24F833F5-42F4-4FA2-AFEF-404378240DC4}.Debug|Any CPU.ActiveCfg = Debug|Any CPU
		{24F833F5-42F4-4FA2-AFEF-404378240DC4}.Debug|Any CPU.Build.0 = Debug|Any CPU
		{24F833F5-42F4-4FA2-AFEF-404378240DC4}.Release|Any CPU.ActiveCfg = Release|Any CPU
		{24F833F5-42F4-4FA2-AFEF-404378240DC4}.Release|Any CPU.Build.0 = Release|Any CPU
		{30A39696-7739-4462-B224-E0CA58D1F516}.Debug|Any CPU.ActiveCfg = Debug|Any CPU
		{30A39696-7739-4462-B224-E0CA58D1F516}.Debug|Any CPU.Build.0 = Debug|Any CPU
		{30A39696-7739-4462-B224-E0CA58D1F516}.Release|Any CPU.ActiveCfg = Release|Any CPU
		{30A39696-7739-4462-B224-E0CA58D1F516}.Release|Any CPU.Build.0 = Release|Any CPU
		{A15C5EF7-0E42-48F0-B832-EF12A1D6D4DB}.Debug|Any CPU.ActiveCfg = Debug|Any CPU
		{A15C5EF7-0E42-48F0-B832-EF12A1D6D4DB}.Debug|Any CPU.Build.0 = Debug|Any CPU
		{A15C5EF7-0E42-48F0-B832-EF12A1D6D4DB}.Release|Any CPU.ActiveCfg = Release|Any CPU
		{A15C5EF7-0E42-48F0-B832-EF12A1D6D4DB}.Release|Any CPU.Build.0 = Release|Any CPU
		{BD9E9EEB-FF0B-4BDE-80F9-7E42FFC169DD}.Debug|Any CPU.ActiveCfg = Debug|Any CPU
		{BD9E9EEB-FF0B-4BDE-80F9-7E42FFC169DD}.Debug|Any CPU.Build.0 = Debug|Any CPU
		{BD9E9EEB-FF0B-4BDE-80F9-7E42FFC169DD}.Release|Any CPU.ActiveCfg = Release|Any CPU
		{BD9E9EEB-FF0B-4BDE-80F9-7E42FFC169DD}.Release|Any CPU.Build.0 = Release|Any CPU
	EndGlobalSection
	GlobalSection(SolutionProperties) = preSolution
		HideSolutionNode = FALSE
	EndGlobalSection
	GlobalSection(ExtensibilityGlobals) = postSolution
		SolutionGuid = {C09B9D8B-0103-434F-BB43-49F4C2D698E2}
	EndGlobalSection
EndGlobal
