
Microsoft Visual Studio Solution File, Format Version 12.00
# Visual Studio Version 16
VisualStudioVersion = 16.0.29418.71
MinimumVisualStudioVersion = 10.0.40219.1
Project("{FAE04EC0-301F-11D3-BF4B-00C04F79EFBC}") = "ChatSocketAppYT", "ChatSocketAppYT.csproj", "{D2B99375-6E18-4569-9C2A-E9180061BD52}"
EndProject
Global
	GlobalSection(SolutionConfigurationPlatforms) = preSolution
		Debug|Any CPU = Debug|Any CPU
		Release|Any CPU = Release|Any CPU
	EndGlobalSection
	GlobalSection(ProjectConfigurationPlatforms) = postSolution
		{D2B99375-6E18-4569-9C2A-E9180061BD52}.Debug|Any CPU.ActiveCfg = Debug|Any CPU
		{D2B99375-6E18-4569-9C2A-E9180061BD52}.Debug|Any CPU.Build.0 = Debug|Any CPU
		{D2B99375-6E18-4569-9C2A-E9180061BD52}.Release|Any CPU.ActiveCfg = Release|Any CPU
		{D2B99375-6E18-4569-9C2A-E9180061BD52}.Release|Any CPU.Build.0 = Release|Any CPU
	EndGlobalSection
	GlobalSection(SolutionProperties) = preSolution
		HideSolutionNode = FALSE
	EndGlobalSection
	GlobalSection(ExtensibilityGlobals) = postSolution
		SolutionGuid = {C24ECE04-08B5-426E-AA8C-AF42E05D813A}
	EndGlobalSection
EndGlobal
