
Microsoft Visual Studio Solution File, Format Version 12.00
# Visual Studio Version 16
VisualStudioVersion = 16.0.29418.71
MinimumVisualStudioVersion = 10.0.40219.1
Project("{FAE04EC0-301F-11D3-BF4B-00C04F79EFBC}") = "App", "App.csproj", "{53445113-D80E-4563-A087-5774B9A1ECF3}"
EndProject
Global
	GlobalSection(SolutionConfigurationPlatforms) = preSolution
		Debug|Any CPU = Debug|Any CPU
		Release|Any CPU = Release|Any CPU
	EndGlobalSection
	GlobalSection(ProjectConfigurationPlatforms) = postSolution
		{53445113-D80E-4563-A087-5774B9A1ECF3}.Debug|Any CPU.ActiveCfg = Debug|Any CPU
		{53445113-D80E-4563-A087-5774B9A1ECF3}.Debug|Any CPU.Build.0 = Debug|Any CPU
		{53445113-D80E-4563-A087-5774B9A1ECF3}.Release|Any CPU.ActiveCfg = Release|Any CPU
		{53445113-D80E-4563-A087-5774B9A1ECF3}.Release|Any CPU.Build.0 = Release|Any CPU
	EndGlobalSection
	GlobalSection(SolutionProperties) = preSolution
		HideSolutionNode = FALSE
	EndGlobalSection
	GlobalSection(ExtensibilityGlobals) = postSolution
		SolutionGuid = {703743EE-C076-4D7A-9831-2B431D92CFFF}
	EndGlobalSection
EndGlobal
