
Microsoft Visual Studio Solution File, Format Version 12.00
# Visual Studio Version 16
VisualStudioVersion = 16.0.29613.14
MinimumVisualStudioVersion = 10.0.40219.1
Project("{FAE04EC0-301F-11D3-BF4B-00C04F79EFBC}") = "WPF PREPA", "WPF PREPA\WPF PREPA.csproj", "{9B4868DD-8430-443D-863A-7D3B88F593DB}"
EndProject
Global
	GlobalSection(SolutionConfigurationPlatforms) = preSolution
		Debug|Any CPU = Debug|Any CPU
		Release|Any CPU = Release|Any CPU
	EndGlobalSection
	GlobalSection(ProjectConfigurationPlatforms) = postSolution
		{9B4868DD-8430-443D-863A-7D3B88F593DB}.Debug|Any CPU.ActiveCfg = Debug|Any CPU
		{9B4868DD-8430-443D-863A-7D3B88F593DB}.Debug|Any CPU.Build.0 = Debug|Any CPU
		{9B4868DD-8430-443D-863A-7D3B88F593DB}.Release|Any CPU.ActiveCfg = Release|Any CPU
		{9B4868DD-8430-443D-863A-7D3B88F593DB}.Release|Any CPU.Build.0 = Release|Any CPU
	EndGlobalSection
	GlobalSection(SolutionProperties) = preSolution
		HideSolutionNode = FALSE
	EndGlobalSection
	GlobalSection(ExtensibilityGlobals) = postSolution
		SolutionGuid = {A3714144-8516-4F58-A0D0-B5F6E96A1BBD}
	EndGlobalSection
EndGlobal
